// !$*UTF8*$!
{
	archiveVersion = 1;
	classes = {
	};
	objectVersion = 50;
	objects = {

/* Begin PBXBuildFile section */
		2804BD08253F3F010082AE59 /* NewViewController.swift in Sources */ = {isa = PBXBuildFile; fileRef = 2804BD07253F3F010082AE59 /* NewViewController.swift */; };
		2886A265253DF91A003300B8 /* AppDelegate.swift in Sources */ = {isa = PBXBuildFile; fileRef = 2886A264253DF91A003300B8 /* AppDelegate.swift */; };
		2886A267253DF91A003300B8 /* SceneDelegate.swift in Sources */ = {isa = PBXBuildFile; fileRef = 2886A266253DF91A003300B8 /* SceneDelegate.swift */; };
		2886A269253DF91A003300B8 /* ViewController.swift in Sources */ = {isa = PBXBuildFile; fileRef = 2886A268253DF91A003300B8 /* ViewController.swift */; };
		2886A26C253DF91A003300B8 /* Main.storyboard in Resources */ = {isa = PBXBuildFile; fileRef = 2886A26A253DF91A003300B8 /* Main.storyboard */; };
		2886A26F253DF91A003300B8 /* SimpleUITest.xcdatamodeld in Sources */ = {isa = PBXBuildFile; fileRef = 2886A26D253DF91A003300B8 /* SimpleUITest.xcdatamodeld */; };
		2886A271253DF91B003300B8 /* Assets.xcassets in Resources */ = {isa = PBXBuildFile; fileRef = 2886A270253DF91B003300B8 /* Assets.xcassets */; };
		2886A274253DF91B003300B8 /* LaunchScreen.storyboard in Resources */ = {isa = PBXBuildFile; fileRef = 2886A272253DF91B003300B8 /* LaunchScreen.storyboard */; };
		2886A283253DFB42003300B8 /* UITests.swift in Sources */ = {isa = PBXBuildFile; fileRef = 2886A282253DFB42003300B8 /* UITests.swift */; };
		28A571D0253F67C40055E5A2 /* XCUIApplication.swift in Sources */ = {isa = PBXBuildFile; fileRef = 28A571CF253F67C40055E5A2 /* XCUIApplication.swift */; };
		28A571D6253F68070055E5A2 /* XCTestCase.swift in Sources */ = {isa = PBXBuildFile; fileRef = 28A571D5253F68070055E5A2 /* XCTestCase.swift */; };
/* End PBXBuildFile section */

/* Begin PBXContainerItemProxy section */
		2886A285253DFB42003300B8 /* PBXContainerItemProxy */ = {
			isa = PBXContainerItemProxy;
			containerPortal = 2886A259253DF91A003300B8 /* Project object */;
			proxyType = 1;
			remoteGlobalIDString = 2886A260253DF91A003300B8;
			remoteInfo = SimpleUITest;
		};
/* End PBXContainerItemProxy section */

/* Begin PBXFileReference section */
		2804BD07253F3F010082AE59 /* NewViewController.swift */ = {isa = PBXFileReference; lastKnownFileType = sourcecode.swift; path = NewViewController.swift; sourceTree = "<group>"; };
		2886A261253DF91A003300B8 /* SimpleUITest.app */ = {isa = PBXFileReference; explicitFileType = wrapper.application; includeInIndex = 0; path = SimpleUITest.app; sourceTree = BUILT_PRODUCTS_DIR; };
		2886A264253DF91A003300B8 /* AppDelegate.swift */ = {isa = PBXFileReference; lastKnownFileType = sourcecode.swift; path = AppDelegate.swift; sourceTree = "<group>"; };
		2886A266253DF91A003300B8 /* SceneDelegate.swift */ = {isa = PBXFileReference; lastKnownFileType = sourcecode.swift; path = SceneDelegate.swift; sourceTree = "<group>"; };
		2886A268253DF91A003300B8 /* ViewController.swift */ = {isa = PBXFileReference; lastKnownFileType = sourcecode.swift; path = ViewController.swift; sourceTree = "<group>"; };
		2886A26B253DF91A003300B8 /* Base */ = {isa = PBXFileReference; lastKnownFileType = file.storyboard; name = Base; path = Base.lproj/Main.storyboard; sourceTree = "<group>"; };
		2886A26E253DF91A003300B8 /* SimpleUITest.xcdatamodel */ = {isa = PBXFileReference; lastKnownFileType = wrapper.xcdatamodel; path = SimpleUITest.xcdatamodel; sourceTree = "<group>"; };
		2886A270253DF91B003300B8 /* Assets.xcassets */ = {isa = PBXFileReference; lastKnownFileType = folder.assetcatalog; path = Assets.xcassets; sourceTree = "<group>"; };
		2886A273253DF91B003300B8 /* Base */ = {isa = PBXFileReference; lastKnownFileType = file.storyboard; name = Base; path = Base.lproj/LaunchScreen.storyboard; sourceTree = "<group>"; };
		2886A275253DF91B003300B8 /* Info.plist */ = {isa = PBXFileReference; lastKnownFileType = text.plist.xml; path = Info.plist; sourceTree = "<group>"; };
		2886A280253DFB42003300B8 /* UITests.xctest */ = {isa = PBXFileReference; explicitFileType = wrapper.cfbundle; includeInIndex = 0; path = UITests.xctest; sourceTree = BUILT_PRODUCTS_DIR; };
		2886A282253DFB42003300B8 /* UITests.swift */ = {isa = PBXFileReference; lastKnownFileType = sourcecode.swift; path = UITests.swift; sourceTree = "<group>"; };
		2886A284253DFB42003300B8 /* Info.plist */ = {isa = PBXFileReference; lastKnownFileType = text.plist.xml; path = Info.plist; sourceTree = "<group>"; };
		28A571CF253F67C40055E5A2 /* XCUIApplication.swift */ = {isa = PBXFileReference; lastKnownFileType = sourcecode.swift; path = XCUIApplication.swift; sourceTree = "<group>"; };
		28A571D5253F68070055E5A2 /* XCTestCase.swift */ = {isa = PBXFileReference; lastKnownFileType = sourcecode.swift; path = XCTestCase.swift; sourceTree = "<group>"; };
/* End PBXFileReference section */

/* Begin PBXFrameworksBuildPhase section */
		2886A25E253DF91A003300B8 /* Frameworks */ = {
			isa = PBXFrameworksBuildPhase;
			buildActionMask = 2147483647;
			files = (
			);
			runOnlyForDeploymentPostprocessing = 0;
		};
		2886A27D253DFB42003300B8 /* Frameworks */ = {
			isa = PBXFrameworksBuildPhase;
			buildActionMask = 2147483647;
			files = (
			);
			runOnlyForDeploymentPostprocessing = 0;
		};
/* End PBXFrameworksBuildPhase section */

/* Begin PBXGroup section */
		2886A258253DF91A003300B8 = {
			isa = PBXGroup;
			children = (
				2886A263253DF91A003300B8 /* SimpleUITest */,
				2886A281253DFB42003300B8 /* UITests */,
				2886A262253DF91A003300B8 /* Products */,
			);
			sourceTree = "<group>";
		};
		2886A262253DF91A003300B8 /* Products */ = {
			isa = PBXGroup;
			children = (
				2886A261253DF91A003300B8 /* SimpleUITest.app */,
				2886A280253DFB42003300B8 /* UITests.xctest */,
			);
			name = Products;
			sourceTree = "<group>";
		};
		2886A263253DF91A003300B8 /* SimpleUITest */ = {
			isa = PBXGroup;
			children = (
				2886A264253DF91A003300B8 /* AppDelegate.swift */,
				2886A266253DF91A003300B8 /* SceneDelegate.swift */,
				2886A268253DF91A003300B8 /* ViewController.swift */,
				2804BD07253F3F010082AE59 /* NewViewController.swift */,
				2886A26A253DF91A003300B8 /* Main.storyboard */,
				2886A270253DF91B003300B8 /* Assets.xcassets */,
				2886A272253DF91B003300B8 /* LaunchScreen.storyboard */,
				2886A275253DF91B003300B8 /* Info.plist */,
				2886A26D253DF91A003300B8 /* SimpleUITest.xcdatamodeld */,
			);
			path = SimpleUITest;
			sourceTree = "<group>";
		};
		2886A281253DFB42003300B8 /* UITests */ = {
			isa = PBXGroup;
			children = (
				28A571CE253F678C0055E5A2 /* Extension */,
				2886A282253DFB42003300B8 /* UITests.swift */,
				2886A284253DFB42003300B8 /* Info.plist */,
			);
			path = UITests;
			sourceTree = "<group>";
		};
		28A571CE253F678C0055E5A2 /* Extension */ = {
			isa = PBXGroup;
			children = (
				28A571CF253F67C40055E5A2 /* XCUIApplication.swift */,
				28A571D5253F68070055E5A2 /* XCTestCase.swift */,
			);
			path = Extension;
			sourceTree = "<group>";
		};
/* End PBXGroup section */

/* Begin PBXNativeTarget section */
		2886A260253DF91A003300B8 /* SimpleUITest */ = {
			isa = PBXNativeTarget;
			buildConfigurationList = 2886A278253DF91B003300B8 /* Build configuration list for PBXNativeTarget "SimpleUITest" */;
			buildPhases = (
				2886A25D253DF91A003300B8 /* Sources */,
				2886A25E253DF91A003300B8 /* Frameworks */,
				2886A25F253DF91A003300B8 /* Resources */,
			);
			buildRules = (
			);
			dependencies = (
			);
			name = SimpleUITest;
			productName = SimpleUITest;
			productReference = 2886A261253DF91A003300B8 /* SimpleUITest.app */;
			productType = "com.apple.product-type.application";
		};
		2886A27F253DFB42003300B8 /* UITests */ = {
			isa = PBXNativeTarget;
			buildConfigurationList = 2886A287253DFB42003300B8 /* Build configuration list for PBXNativeTarget "UITests" */;
			buildPhases = (
				2886A27C253DFB42003300B8 /* Sources */,
				2886A27D253DFB42003300B8 /* Frameworks */,
				2886A27E253DFB42003300B8 /* Resources */,
			);
			buildRules = (
			);
			dependencies = (
				2886A286253DFB42003300B8 /* PBXTargetDependency */,
			);
			name = UITests;
			productName = UITests;
			productReference = 2886A280253DFB42003300B8 /* UITests.xctest */;
			productType = "com.apple.product-type.bundle.ui-testing";
		};
/* End PBXNativeTarget section */

/* Begin PBXProject section */
		2886A259253DF91A003300B8 /* Project object */ = {
			isa = PBXProject;
			attributes = {
				LastSwiftUpdateCheck = 1200;
				LastUpgradeCheck = 1200;
				TargetAttributes = {
					2886A260253DF91A003300B8 = {
						CreatedOnToolsVersion = 12.0.1;
					};
					2886A27F253DFB42003300B8 = {
						CreatedOnToolsVersion = 12.0.1;
						TestTargetID = 2886A260253DF91A003300B8;
					};
				};
			};
			buildConfigurationList = 2886A25C253DF91A003300B8 /* Build configuration list for PBXProject "SimpleUITest" */;
			compatibilityVersion = "Xcode 9.3";
			developmentRegion = en;
			hasScannedForEncodings = 0;
			knownRegions = (
				en,
				Base,
			);
			mainGroup = 2886A258253DF91A003300B8;
			productRefGroup = 2886A262253DF91A003300B8 /* Products */;
			projectDirPath = "";
			projectRoot = "";
			targets = (
				2886A260253DF91A003300B8 /* SimpleUITest */,
				2886A27F253DFB42003300B8 /* UITests */,
			);
		};
/* End PBXProject section */

/* Begin PBXResourcesBuildPhase section */
		2886A25F253DF91A003300B8 /* Resources */ = {
			isa = PBXResourcesBuildPhase;
			buildActionMask = 2147483647;
			files = (
				2886A274253DF91B003300B8 /* LaunchScreen.storyboard in Resources */,
				2886A271253DF91B003300B8 /* Assets.xcassets in Resources */,
				2886A26C253DF91A003300B8 /* Main.storyboard in Resources */,
			);
			runOnlyForDeploymentPostprocessing = 0;
		};
		2886A27E253DFB42003300B8 /* Resources */ = {
			isa = PBXResourcesBuildPhase;
			buildActionMask = 2147483647;
			files = (
			);
			runOnlyForDeploymentPostprocessing = 0;
		};
/* End PBXResourcesBuildPhase section */

/* Begin PBXSourcesBuildPhase section */
		2886A25D253DF91A003300B8 /* Sources */ = {
			isa = PBXSourcesBuildPhase;
			buildActionMask = 2147483647;
			files = (
				2886A269253DF91A003300B8 /* ViewController.swift in Sources */,
				2886A26F253DF91A003300B8 /* SimpleUITest.xcdatamodeld in Sources */,
				2804BD08253F3F010082AE59 /* NewViewController.swift in Sources */,
				2886A265253DF91A003300B8 /* AppDelegate.swift in Sources */,
				2886A267253DF91A003300B8 /* SceneDelegate.swift in Sources */,
			);
			runOnlyForDeploymentPostprocessing = 0;
		};
		2886A27C253DFB42003300B8 /* Sources */ = {
			isa = PBXSourcesBuildPhase;
			buildActionMask = 2147483647;
			files = (
				2886A283253DFB42003300B8 /* UITests.swift in Sources */,
				28A571D6253F68070055E5A2 /* XCTestCase.swift in Sources */,
				28A571D0253F67C40055E5A2 /* XCUIApplication.swift in Sources */,
			);
			runOnlyForDeploymentPostprocessing = 0;
		};
/* End PBXSourcesBuildPhase section */

/* Begin PBXTargetDependency section */
		2886A286253DFB42003300B8 /* PBXTargetDependency */ = {
			isa = PBXTargetDependency;
			target = 2886A260253DF91A003300B8 /* SimpleUITest */;
			targetProxy = 2886A285253DFB42003300B8 /* PBXContainerItemProxy */;
		};
/* End PBXTargetDependency section */

/* Begin PBXVariantGroup section */
		2886A26A253DF91A003300B8 /* Main.storyboard */ = {
			isa = PBXVariantGroup;
			children = (
				2886A26B253DF91A003300B8 /* Base */,
			);
			name = Main.storyboard;
			sourceTree = "<group>";
		};
		2886A272253DF91B003300B8 /* LaunchScreen.storyboard */ = {
			isa = PBXVariantGroup;
			children = (
				2886A273253DF91B003300B8 /* Base */,
			);
			name = LaunchScreen.storyboard;
			sourceTree = "<group>";
		};
/* End PBXVariantGroup section */

/* Begin XCBuildConfiguration section */
		2886A276253DF91B003300B8 /* Debug */ = {
			isa = XCBuildConfiguration;
			buildSettings = {
				ALWAYS_SEARCH_USER_PATHS = NO;
				CLANG_ANALYZER_NONNULL = YES;
				CLANG_ANALYZER_NUMBER_OBJECT_CONVERSION = YES_AGGRESSIVE;
				CLANG_CXX_LANGUAGE_STANDARD = "gnu++14";
				CLANG_CXX_LIBRARY = "libc++";
				CLANG_ENABLE_MODULES = YES;
				CLANG_ENABLE_OBJC_ARC = YES;
				CLANG_ENABLE_OBJC_WEAK = YES;
				CLANG_WARN_BLOCK_CAPTURE_AUTORELEASING = YES;
				CLANG_WARN_BOOL_CONVERSION = YES;
				CLANG_WARN_COMMA = YES;
				CLANG_WARN_CONSTANT_CONVERSION = YES;
				CLANG_WARN_DEPRECATED_OBJC_IMPLEMENTATIONS = YES;
				CLANG_WARN_DIRECT_OBJC_ISA_USAGE = YES_ERROR;
				CLANG_WARN_DOCUMENTATION_COMMENTS = YES;
				CLANG_WARN_EMPTY_BODY = YES;
				CLANG_WARN_ENUM_CONVERSION = YES;
				CLANG_WARN_INFINITE_RECURSION = YES;
				CLANG_WARN_INT_CONVERSION = YES;
				CLANG_WARN_NON_LITERAL_NULL_CONVERSION = YES;
				CLANG_WARN_OBJC_IMPLICIT_RETAIN_SELF = YES;
				CLANG_WARN_OBJC_LITERAL_CONVERSION = YES;
				CLANG_WARN_OBJC_ROOT_CLASS = YES_ERROR;
				CLANG_WARN_QUOTED_INCLUDE_IN_FRAMEWORK_HEADER = YES;
				CLANG_WARN_RANGE_LOOP_ANALYSIS = YES;
				CLANG_WARN_STRICT_PROTOTYPES = YES;
				CLANG_WARN_SUSPICIOUS_MOVE = YES;
				CLANG_WARN_UNGUARDED_AVAILABILITY = YES_AGGRESSIVE;
				CLANG_WARN_UNREACHABLE_CODE = YES;
				CLANG_WARN__DUPLICATE_METHOD_MATCH = YES;
				COPY_PHASE_STRIP = NO;
				DEBUG_INFORMATION_FORMAT = dwarf;
				ENABLE_STRICT_OBJC_MSGSEND = YES;
				ENABLE_TESTABILITY = YES;
				GCC_C_LANGUAGE_STANDARD = gnu11;
				GCC_DYNAMIC_NO_PIC = NO;
				GCC_NO_COMMON_BLOCKS = YES;
				GCC_OPTIMIZATION_LEVEL = 0;
				GCC_PREPROCESSOR_DEFINITIONS = (
					"DEBUG=1",
					"$(inherited)",
				);
				GCC_WARN_64_TO_32_BIT_CONVERSION = YES;
				GCC_WARN_ABOUT_RETURN_TYPE = YES_ERROR;
				GCC_WARN_UNDECLARED_SELECTOR = YES;
				GCC_WARN_UNINITIALIZED_AUTOS = YES_AGGRESSIVE;
				GCC_WARN_UNUSED_FUNCTION = YES;
				GCC_WARN_UNUSED_VARIABLE = YES;
				IPHONEOS_DEPLOYMENT_TARGET = 14.0;
				MTL_ENABLE_DEBUG_INFO = INCLUDE_SOURCE;
				MTL_FAST_MATH = YES;
				ONLY_ACTIVE_ARCH = YES;
				SDKROOT = iphoneos;
				SWIFT_ACTIVE_COMPILATION_CONDITIONS = DEBUG;
				SWIFT_OPTIMIZATION_LEVEL = "-Onone";
			};
			name = Debug;
		};
		2886A277253DF91B003300B8 /* Release */ = {
			isa = XCBuildConfiguration;
			buildSettings = {
				ALWAYS_SEARCH_USER_PATHS = NO;
				CLANG_ANALYZER_NONNULL = YES;
				CLANG_ANALYZER_NUMBER_OBJECT_CONVERSION = YES_AGGRESSIVE;
				CLANG_CXX_LANGUAGE_STANDARD = "gnu++14";
				CLANG_CXX_LIBRARY = "libc++";
				CLANG_ENABLE_MODULES = YES;
				CLANG_ENABLE_OBJC_ARC = YES;
				CLANG_ENABLE_OBJC_WEAK = YES;
				CLANG_WARN_BLOCK_CAPTURE_AUTORELEASING = YES;
				CLANG_WARN_BOOL_CONVERSION = YES;
				CLANG_WARN_COMMA = YES;
				CLANG_WARN_CONSTANT_CONVERSION = YES;
				CLANG_WARN_DEPRECATED_OBJC_IMPLEMENTATIONS = YES;
				CLANG_WARN_DIRECT_OBJC_ISA_USAGE = YES_ERROR;
				CLANG_WARN_DOCUMENTATION_COMMENTS = YES;
				CLANG_WARN_EMPTY_BODY = YES;
				CLANG_WARN_ENUM_CONVERSION = YES;
				CLANG_WARN_INFINITE_RECURSION = YES;
				CLANG_WARN_INT_CONVERSION = YES;
				CLANG_WARN_NON_LITERAL_NULL_CONVERSION = YES;
				CLANG_WARN_OBJC_IMPLICIT_RETAIN_SELF = YES;
				CLANG_WARN_OBJC_LITERAL_CONVERSION = YES;
				CLANG_WARN_OBJC_ROOT_CLASS = YES_ERROR;
				CLANG_WARN_QUOTED_INCLUDE_IN_FRAMEWORK_HEADER = YES;
				CLANG_WARN_RANGE_LOOP_ANALYSIS = YES;
				CLANG_WARN_STRICT_PROTOTYPES = YES;
				CLANG_WARN_SUSPICIOUS_MOVE = YES;
				CLANG_WARN_UNGUARDED_AVAILABILITY = YES_AGGRESSIVE;
				CLANG_WARN_UNREACHABLE_CODE = YES;
				CLANG_WARN__DUPLICATE_METHOD_MATCH = YES;
				COPY_PHASE_STRIP = NO;
				DEBUG_INFORMATION_FORMAT = "dwarf-with-dsym";
				ENABLE_NS_ASSERTIONS = NO;
				ENABLE_STRICT_OBJC_MSGSEND = YES;
				GCC_C_LANGUAGE_STANDARD = gnu11;
				GCC_NO_COMMON_BLOCKS = YES;
				GCC_WARN_64_TO_32_BIT_CONVERSION = YES;
				GCC_WARN_ABOUT_RETURN_TYPE = YES_ERROR;
				GCC_WARN_UNDECLARED_SELECTOR = YES;
				GCC_WARN_UNINITIALIZED_AUTOS = YES_AGGRESSIVE;
				GCC_WARN_UNUSED_FUNCTION = YES;
				GCC_WARN_UNUSED_VARIABLE = YES;
				IPHONEOS_DEPLOYMENT_TARGET = 14.0;
				MTL_ENABLE_DEBUG_INFO = NO;
				MTL_FAST_MATH = YES;
				SDKROOT = iphoneos;
				SWIFT_COMPILATION_MODE = wholemodule;
				SWIFT_OPTIMIZATION_LEVEL = "-O";
				VALIDATE_PRODUCT = YES;
			};
			name = Release;
		};
		2886A279253DF91B003300B8 /* Debug */ = {
			isa = XCBuildConfiguration;
			buildSettings = {
				ASSETCATALOG_COMPILER_APPICON_NAME = AppIcon;
				ASSETCATALOG_COMPILER_GLOBAL_ACCENT_COLOR_NAME = AccentColor;
				CODE_SIGN_STYLE = Automatic;
				DEVELOPMENT_TEAM = 7BCZLG5BLR;
				INFOPLIST_FILE = SimpleUITest/Info.plist;
				LD_RUNPATH_SEARCH_PATHS = (
					"$(inherited)",
					"@executable_path/Frameworks",
				);
				PRODUCT_BUNDLE_IDENTIFIER = Ilyas.SimpleUITest;
				PRODUCT_NAME = "$(TARGET_NAME)";
				SWIFT_VERSION = 5.0;
				TARGETED_DEVICE_FAMILY = "1,2";
			};
			name = Debug;
		};
		2886A27A253DF91B003300B8 /* Release */ = {
			isa = XCBuildConfiguration;
			buildSettings = {
				ASSETCATALOG_COMPILER_APPICON_NAME = AppIcon;
				ASSETCATALOG_COMPILER_GLOBAL_ACCENT_COLOR_NAME = AccentColor;
				CODE_SIGN_STYLE = Automatic;
				DEVELOPMENT_TEAM = 7BCZLG5BLR;
				INFOPLIST_FILE = SimpleUITest/Info.plist;
				LD_RUNPATH_SEARCH_PATHS = (
					"$(inherited)",
					"@executable_path/Frameworks",
				);
				PRODUCT_BUNDLE_IDENTIFIER = Ilyas.SimpleUITest;
				PRODUCT_NAME = "$(TARGET_NAME)";
				SWIFT_VERSION = 5.0;
				TARGETED_DEVICE_FAMILY = "1,2";
			};
			name = Release;
		};
		2886A288253DFB42003300B8 /* Debug */ = {
			isa = XCBuildConfiguration;
			buildSettings = {
				CODE_SIGN_STYLE = Automatic;
				DEVELOPMENT_TEAM = 7BCZLG5BLR;
				INFOPLIST_FILE = UITests/Info.plist;
				LD_RUNPATH_SEARCH_PATHS = (
					"$(inherited)",
					"@executable_path/Frameworks",
					"@loader_path/Frameworks",
				);
				PRODUCT_BUNDLE_IDENTIFIER = Ilyas.UITests;
				PRODUCT_NAME = "$(TARGET_NAME)";
				SWIFT_VERSION = 5.0;
				TARGETED_DEVICE_FAMILY = "1,2";
				TEST_TARGET_NAME = SimpleUITest;
			};
			name = Debug;
		};
		2886A289253DFB42003300B8 /* Release */ = {
			isa = XCBuildConfiguration;
			buildSettings = {
				CODE_SIGN_STYLE = Automatic;
				DEVELOPMENT_TEAM = 7BCZLG5BLR;
				INFOPLIST_FILE = UITests/Info.plist;
				LD_RUNPATH_SEARCH_PATHS = (
					"$(inherited)",
					"@executable_path/Frameworks",
					"@loader_path/Frameworks",
				);
				PRODUCT_BUNDLE_IDENTIFIER = Ilyas.UITests;
				PRODUCT_NAME = "$(TARGET_NAME)";
				SWIFT_VERSION = 5.0;
				TARGETED_DEVICE_FAMILY = "1,2";
				TEST_TARGET_NAME = SimpleUITest;
			};
			name = Release;
		};
/* End XCBuildConfiguration section */

/* Begin XCConfigurationList section */
		2886A25C253DF91A003300B8 /* Build configuration list for PBXProject "SimpleUITest" */ = {
			isa = XCConfigurationList;
			buildConfigurations = (
				2886A276253DF91B003300B8 /* Debug */,
				2886A277253DF91B003300B8 /* Release */,
			);
			defaultConfigurationIsVisible = 0;
			defaultConfigurationName = Release;
		};
		2886A278253DF91B003300B8 /* Build configuration list for PBXNativeTarget "SimpleUITest" */ = {
			isa = XCConfigurationList;
			buildConfigurations = (
				2886A279253DF91B003300B8 /* Debug */,
				2886A27A253DF91B003300B8 /* Release */,
			);
			defaultConfigurationIsVisible = 0;
			defaultConfigurationName = Release;
		};
		2886A287253DFB42003300B8 /* Build configuration list for PBXNativeTarget "UITests" */ = {
			isa = XCConfigurationList;
			buildConfigurations = (
				2886A288253DFB42003300B8 /* Debug */,
				2886A289253DFB42003300B8 /* Release */,
			);
			defaultConfigurationIsVisible = 0;
			defaultConfigurationName = Release;
		};
/* End XCConfigurationList section */

/* Begin XCVersionGroup section */
		2886A26D253DF91A003300B8 /* SimpleUITest.xcdatamodeld */ = {
			isa = XCVersionGroup;
			children = (
				2886A26E253DF91A003300B8 /* SimpleUITest.xcdatamodel */,
			);
			currentVersion = 2886A26E253DF91A003300B8 /* SimpleUITest.xcdatamodel */;
			path = SimpleUITest.xcdatamodeld;
			sourceTree = "<group>";
			versionGroupType = wrapper.xcdatamodel;
		};
/* End XCVersionGroup section */
	};
	rootObject = 2886A259253DF91A003300B8 /* Project object */;
}
